{
  "name": "@yurkimus/response-status",
  "version": "0.1.1",
  "lockfileVersion": 3,
  "requires": true,
  "packages": {
    "": {
      "name": "@yurkimus/response-status",
      "version": "0.1.1",
      "dependencies": {
        "@yurkimus/types": "0.2.3"
      }
    },
    "node_modules/@yurkimus/curry": {
      "version": "0.1.1",
      "resolved": "https://registry.npmjs.org/@yurkimus/curry/-/curry-0.1.1.tgz",
      "integrity": "sha512-gNoAhOw/+LUZwRJcsepuJwoftHIr3OCn5U7ZaamXX8flrYIFcV6GFN5ZZBFiuIjF/l54wDAfxYYR73PMCf+ROQ=="
    },
    "node_modules/@yurkimus/types": {
      "version": "0.2.3",
      "resolved": "https://registry.npmjs.org/@yurkimus/types/-/types-0.2.3.tgz",
      "integrity": "sha512-r9GJ2j4CRnjFPeLIExEUpsTmtwRMTLSUa8z4gGYqn92fpmWbAsH2lNsFkZc3jKTwp5383zq1yDAv37bdskRo4Q==",
      "dependencies": {
        "@yurkimus/curry": "0.1.1"
      }
    }
  }
}
